
Microsoft Visual Studio Solution File, Format Version 12.00
# Visual Studio Version 16
VisualStudioVersion = 16.0.31613.86
MinimumVisualStudioVersion = 10.0.40219.1
Project("{FAE04EC0-301F-11D3-BF4B-00C04F79EFBC}") = "Two dimentional arrey", "Two dimentional arrey.csproj", "{BD96A715-5A9D-46F2-8D0B-5E566C6CD00A}"
EndProject
Global
	GlobalSection(SolutionConfigurationPlatforms) = preSolution
		Debug|Any CPU = Debug|Any CPU
		Release|Any CPU = Release|Any CPU
	EndGlobalSection
	GlobalSection(ProjectConfigurationPlatforms) = postSolution
		{BD96A715-5A9D-46F2-8D0B-5E566C6CD00A}.Debug|Any CPU.ActiveCfg = Debug|Any CPU
		{BD96A715-5A9D-46F2-8D0B-5E566C6CD00A}.Debug|Any CPU.Build.0 = Debug|Any CPU
		{BD96A715-5A9D-46F2-8D0B-5E566C6CD00A}.Release|Any CPU.ActiveCfg = Release|Any CPU
		{BD96A715-5A9D-46F2-8D0B-5E566C6CD00A}.Release|Any CPU.Build.0 = Release|Any CPU
	EndGlobalSection
	GlobalSection(SolutionProperties) = preSolution
		HideSolutionNode = FALSE
	EndGlobalSection
	GlobalSection(ExtensibilityGlobals) = postSolution
		SolutionGuid = {BD1A274E-3878-4069-927B-15FD473D865A}
	EndGlobalSection
EndGlobal
